// !$*UTF8*$!
{
	archiveVersion = 1;
	classes = {
	};
	objectVersion = 48;
	objects = {

/* Begin PBXBuildFile section */
		45567E72200DEF5E008F8CBE /* AppDelegate.swift in Sources */ = {isa = PBXBuildFile; fileRef = 45567E71200DEF5E008F8CBE /* AppDelegate.swift */; };
		45567E74200DEF5E008F8CBE /* ViewController.swift in Sources */ = {isa = PBXBuildFile; fileRef = 45567E73200DEF5E008F8CBE /* ViewController.swift */; };
		45567E77200DEF5E008F8CBE /* Main.storyboard in Resources */ = {isa = PBXBuildFile; fileRef = 45567E75200DEF5E008F8CBE /* Main.storyboard */; };
		45567E79200DEF5E008F8CBE /* Assets.xcassets in Resources */ = {isa = PBXBuildFile; fileRef = 45567E78200DEF5E008F8CBE /* Assets.xcassets */; };
		45567E7C200DEF5E008F8CBE /* LaunchScreen.storyboard in Resources */ = {isa = PBXBuildFile; fileRef = 45567E7A200DEF5E008F8CBE /* LaunchScreen.storyboard */; };
		45567E87200DEF5E008F8CBE /* CSVParserTests.swift in Sources */ = {isa = PBXBuildFile; fileRef = 45567E86200DEF5E008F8CBE /* CSVParserTests.swift */; };
/* End PBXBuildFile section */

/* Begin PBXContainerItemProxy section */
		45567E83200DEF5E008F8CBE /* PBXContainerItemProxy */ = {
			isa = PBXContainerItemProxy;
			containerPortal = 45567E66200DEF5E008F8CBE /* Project object */;
			proxyType = 1;
			remoteGlobalIDString = 45567E6D200DEF5E008F8CBE;
			remoteInfo = CSVParser;
		};
/* End PBXContainerItemProxy section */

/* Begin PBXFileReference section */
		45567E6E200DEF5E008F8CBE /* CSVParser.app */ = {isa = PBXFileReference; explicitFileType = wrapper.application; includeInIndex = 0; path = CSVParser.app; sourceTree = BUILT_PRODUCTS_DIR; };
		45567E71200DEF5E008F8CBE /* AppDelegate.swift */ = {isa = PBXFileReference; lastKnownFileType = sourcecode.swift; path = AppDelegate.swift; sourceTree = "<group>"; };
		45567E73200DEF5E008F8CBE /* ViewController.swift */ = {isa = PBXFileReference; lastKnownFileType = sourcecode.swift; path = ViewController.swift; sourceTree = "<group>"; };
		45567E76200DEF5E008F8CBE /* Base */ = {isa = PBXFileReference; lastKnownFileType = file.storyboard; name = Base; path = Base.lproj/Main.storyboard; sourceTree = "<group>"; };
		45567E78200DEF5E008F8CBE /* Assets.xcassets */ = {isa = PBXFileReference; lastKnownFileType = folder.assetcatalog; path = Assets.xcassets; sourceTree = "<group>"; };
		45567E7B200DEF5E008F8CBE /* Base */ = {isa = PBXFileReference; lastKnownFileType = file.storyboard; name = Base; path = Base.lproj/LaunchScreen.storyboard; sourceTree = "<group>"; };
		45567E7D200DEF5E008F8CBE /* Info.plist */ = {isa = PBXFileReference; lastKnownFileType = text.plist.xml; path = Info.plist; sourceTree = "<group>"; };
		45567E82200DEF5E008F8CBE /* CSVParserTests.xctest */ = {isa = PBXFileReference; explicitFileType = wrapper.cfbundle; includeInIndex = 0; path = CSVParserTests.xctest; sourceTree = BUILT_PRODUCTS_DIR; };
		45567E86200DEF5E008F8CBE /* CSVParserTests.swift */ = {isa = PBXFileReference; lastKnownFileType = sourcecode.swift; path = CSVParserTests.swift; sourceTree = "<group>"; };
		45567E88200DEF5E008F8CBE /* Info.plist */ = {isa = PBXFileReference; lastKnownFileType = text.plist.xml; path = Info.plist; sourceTree = "<group>"; };
/* End PBXFileReference section */

/* Begin PBXFrameworksBuildPhase section */
		45567E6B200DEF5E008F8CBE /* Frameworks */ = {
			isa = PBXFrameworksBuildPhase;
			buildActionMask = 2147483647;
			files = (
			);
			runOnlyForDeploymentPostprocessing = 0;
		};
		45567E7F200DEF5E008F8CBE /* Frameworks */ = {
			isa = PBXFrameworksBuildPhase;
			buildActionMask = 2147483647;
			files = (
			);
			runOnlyForDeploymentPostprocessing = 0;
		};
/* End PBXFrameworksBuildPhase section */

/* Begin PBXGroup section */
		45567E65200DEF5E008F8CBE = {
			isa = PBXGroup;
			children = (
				45567E70200DEF5E008F8CBE /* CSVParser */,
				45567E85200DEF5E008F8CBE /* CSVParserTests */,
				45567E6F200DEF5E008F8CBE /* Products */,
			);
			sourceTree = "<group>";
		};
		45567E6F200DEF5E008F8CBE /* Products */ = {
			isa = PBXGroup;
			children = (
				45567E6E200DEF5E008F8CBE /* CSVParser.app */,
				45567E82200DEF5E008F8CBE /* CSVParserTests.xctest */,
			);
			name = Products;
			sourceTree = "<group>";
		};
		45567E70200DEF5E008F8CBE /* CSVParser */ = {
			isa = PBXGroup;
			children = (
				45567E71200DEF5E008F8CBE /* AppDelegate.swift */,
				45567E73200DEF5E008F8CBE /* ViewController.swift */,
				45567E75200DEF5E008F8CBE /* Main.storyboard */,
				45567E78200DEF5E008F8CBE /* Assets.xcassets */,
				45567E7A200DEF5E008F8CBE /* LaunchScreen.storyboard */,
				45567E7D200DEF5E008F8CBE /* Info.plist */,
			);
			path = CSVParser;
			sourceTree = "<group>";
		};
		45567E85200DEF5E008F8CBE /* CSVParserTests */ = {
			isa = PBXGroup;
			children = (
				45567E86200DEF5E008F8CBE /* CSVParserTests.swift */,
				45567E88200DEF5E008F8CBE /* Info.plist */,
			);
			path = CSVParserTests;
			sourceTree = "<group>";
		};
/* End PBXGroup section */

/* Begin PBXNativeTarget section */
		45567E6D200DEF5E008F8CBE /* CSVParser */ = {
			isa = PBXNativeTarget;
			buildConfigurationList = 45567E8B200DEF5E008F8CBE /* Build configuration list for PBXNativeTarget "CSVParser" */;
			buildPhases = (
				45567E6A200DEF5E008F8CBE /* Sources */,
				45567E6B200DEF5E008F8CBE /* Frameworks */,
				45567E6C200DEF5E008F8CBE /* Resources */,
			);
			buildRules = (
			);
			dependencies = (
			);
			name = CSVParser;
			productName = CSVParser;
			productReference = 45567E6E200DEF5E008F8CBE /* CSVParser.app */;
			productType = "com.apple.product-type.application";
		};
		45567E81200DEF5E008F8CBE /* CSVParserTests */ = {
			isa = PBXNativeTarget;
			buildConfigurationList = 45567E8E200DEF5E008F8CBE /* Build configuration list for PBXNativeTarget "CSVParserTests" */;
			buildPhases = (
				45567E7E200DEF5E008F8CBE /* Sources */,
				45567E7F200DEF5E008F8CBE /* Frameworks */,
				45567E80200DEF5E008F8CBE /* Resources */,
			);
			buildRules = (
			);
			dependencies = (
				45567E84200DEF5E008F8CBE /* PBXTargetDependency */,
			);
			name = CSVParserTests;
			productName = CSVParserTests;
			productReference = 45567E82200DEF5E008F8CBE /* CSVParserTests.xctest */;
			productType = "com.apple.product-type.bundle.unit-test";
		};
/* End PBXNativeTarget section */

/* Begin PBXProject section */
		45567E66200DEF5E008F8CBE /* Project object */ = {
			isa = PBXProject;
			attributes = {
				LastSwiftUpdateCheck = 0920;
				LastUpgradeCheck = 0920;
				ORGANIZATIONNAME = "Innofied Solution Pvt. Ltd.";
				TargetAttributes = {
					45567E6D200DEF5E008F8CBE = {
						CreatedOnToolsVersion = 9.2;
						ProvisioningStyle = Automatic;
					};
					45567E81200DEF5E008F8CBE = {
						CreatedOnToolsVersion = 9.2;
						ProvisioningStyle = Automatic;
						TestTargetID = 45567E6D200DEF5E008F8CBE;
					};
				};
			};
			buildConfigurationList = 45567E69200DEF5E008F8CBE /* Build configuration list for PBXProject "CSVParser" */;
			compatibilityVersion = "Xcode 8.0";
			developmentRegion = en;
			hasScannedForEncodings = 0;
			knownRegions = (
				en,
				Base,
			);
			mainGroup = 45567E65200DEF5E008F8CBE;
			productRefGroup = 45567E6F200DEF5E008F8CBE /* Products */;
			projectDirPath = "";
			projectRoot = "";
			targets = (
				45567E6D200DEF5E008F8CBE /* CSVParser */,
				45567E81200DEF5E008F8CBE /* CSVParserTests */,
			);
		};
/* End PBXProject section */

/* Begin PBXResourcesBuildPhase section */
		45567E6C200DEF5E008F8CBE /* Resources */ = {
			isa = PBXResourcesBuildPhase;
			buildActionMask = 2147483647;
			files = (
				45567E7C200DEF5E008F8CBE /* LaunchScreen.storyboard in Resources */,
				45567E79200DEF5E008F8CBE /* Assets.xcassets in Resources */,
				45567E77200DEF5E008F8CBE /* Main.storyboard in Resources */,
			);
			runOnlyForDeploymentPostprocessing = 0;
		};
		45567E80200DEF5E008F8CBE /* Resources */ = {
			isa = PBXResourcesBuildPhase;
			buildActionMask = 2147483647;
			files = (
			);
			runOnlyForDeploymentPostprocessing = 0;
		};
/* End PBXResourcesBuildPhase section */

/* Begin PBXSourcesBuildPhase section */
		45567E6A200DEF5E008F8CBE /* Sources */ = {
			isa = PBXSourcesBuildPhase;
			buildActionMask = 2147483647;
			files = (
				45567E74200DEF5E008F8CBE /* ViewController.swift in Sources */,
				45567E72200DEF5E008F8CBE /* AppDelegate.swift in Sources */,
			);
			runOnlyForDeploymentPostprocessing = 0;
		};
		45567E7E200DEF5E008F8CBE /* Sources */ = {
			isa = PBXSourcesBuildPhase;
			buildActionMask = 2147483647;
			files = (
				45567E87200DEF5E008F8CBE /* CSVParserTests.swift in Sources */,
			);
			runOnlyForDeploymentPostprocessing = 0;
		};
/* End PBXSourcesBuildPhase section */

/* Begin PBXTargetDependency section */
		45567E84200DEF5E008F8CBE /* PBXTargetDependency */ = {
			isa = PBXTargetDependency;
			target = 45567E6D200DEF5E008F8CBE /* CSVParser */;
			targetProxy = 45567E83200DEF5E008F8CBE /* PBXContainerItemProxy */;
		};
/* End PBXTargetDependency section */

/* Begin PBXVariantGroup section */
		45567E75200DEF5E008F8CBE /* Main.storyboard */ = {
			isa = PBXVariantGroup;
			children = (
				45567E76200DEF5E008F8CBE /* Base */,
			);
			name = Main.storyboard;
			sourceTree = "<group>";
		};
		45567E7A200DEF5E008F8CBE /* LaunchScreen.storyboard */ = {
			isa = PBXVariantGroup;
			children = (
				45567E7B200DEF5E008F8CBE /* Base */,
			);
			name = LaunchScreen.storyboard;
			sourceTree = "<group>";
		};
/* End PBXVariantGroup section */

/* Begin XCBuildConfiguration section */
		45567E89200DEF5E008F8CBE /* Debug */ = {
			isa = XCBuildConfiguration;
			buildSettings = {
				ALWAYS_SEARCH_USER_PATHS = NO;
				CLANG_ANALYZER_NONNULL = YES;
				CLANG_ANALYZER_NUMBER_OBJECT_CONVERSION = YES_AGGRESSIVE;
				CLANG_CXX_LANGUAGE_STANDARD = "gnu++14";
				CLANG_CXX_LIBRARY = "libc++";
				CLANG_ENABLE_MODULES = YES;
				CLANG_ENABLE_OBJC_ARC = YES;
				CLANG_WARN_BLOCK_CAPTURE_AUTORELEASING = YES;
				CLANG_WARN_BOOL_CONVERSION = YES;
				CLANG_WARN_COMMA = YES;
				CLANG_WARN_CONSTANT_CONVERSION = YES;
				CLANG_WARN_DIRECT_OBJC_ISA_USAGE = YES_ERROR;
				CLANG_WARN_DOCUMENTATION_COMMENTS = YES;
				CLANG_WARN_EMPTY_BODY = YES;
				CLANG_WARN_ENUM_CONVERSION = YES;
				CLANG_WARN_INFINITE_RECURSION = YES;
				CLANG_WARN_INT_CONVERSION = YES;
				CLANG_WARN_NON_LITERAL_NULL_CONVERSION = YES;
				CLANG_WARN_OBJC_LITERAL_CONVERSION = YES;
				CLANG_WARN_OBJC_ROOT_CLASS = YES_ERROR;
				CLANG_WARN_RANGE_LOOP_ANALYSIS = YES;
				CLANG_WARN_STRICT_PROTOTYPES = YES;
				CLANG_WARN_SUSPICIOUS_MOVE = YES;
				CLANG_WARN_UNGUARDED_AVAILABILITY = YES_AGGRESSIVE;
				CLANG_WARN_UNREACHABLE_CODE = YES;
				CLANG_WARN__DUPLICATE_METHOD_MATCH = YES;
				CODE_SIGN_IDENTITY = "iPhone Developer";
				COPY_PHASE_STRIP = NO;
				DEBUG_INFORMATION_FORMAT = dwarf;
				ENABLE_STRICT_OBJC_MSGSEND = YES;
				ENABLE_TESTABILITY = YES;
				GCC_C_LANGUAGE_STANDARD = gnu11;
				GCC_DYNAMIC_NO_PIC = NO;
				GCC_NO_COMMON_BLOCKS = YES;
				GCC_OPTIMIZATION_LEVEL = 0;
				GCC_PREPROCESSOR_DEFINITIONS = (
					"DEBUG=1",
					"$(inherited)",
				);
				GCC_WARN_64_TO_32_BIT_CONVERSION = YES;
				GCC_WARN_ABOUT_RETURN_TYPE = YES_ERROR;
				GCC_WARN_UNDECLARED_SELECTOR = YES;
				GCC_WARN_UNINITIALIZED_AUTOS = YES_AGGRESSIVE;
				GCC_WARN_UNUSED_FUNCTION = YES;
				GCC_WARN_UNUSED_VARIABLE = YES;
				IPHONEOS_DEPLOYMENT_TARGET = 11.2;
				MTL_ENABLE_DEBUG_INFO = YES;
				ONLY_ACTIVE_ARCH = YES;
				SDKROOT = iphoneos;
				SWIFT_ACTIVE_COMPILATION_CONDITIONS = DEBUG;
				SWIFT_OPTIMIZATION_LEVEL = "-Onone";
			};
			name = Debug;
		};
		45567E8A200DEF5E008F8CBE /* Release */ = {
			isa = XCBuildConfiguration;
			buildSettings = {
				ALWAYS_SEARCH_USER_PATHS = NO;
				CLANG_ANALYZER_NONNULL = YES;
				CLANG_ANALYZER_NUMBER_OBJECT_CONVERSION = YES_AGGRESSIVE;
				CLANG_CXX_LANGUAGE_STANDARD = "gnu++14";
				CLANG_CXX_LIBRARY = "libc++";
				CLANG_ENABLE_MODULES = YES;
				CLANG_ENABLE_OBJC_ARC = YES;
				CLANG_WARN_BLOCK_CAPTURE_AUTORELEASING = YES;
				CLANG_WARN_BOOL_CONVERSION = YES;
				CLANG_WARN_COMMA = YES;
				CLANG_WARN_CONSTANT_CONVERSION = YES;
				CLANG_WARN_DIRECT_OBJC_ISA_USAGE = YES_ERROR;
				CLANG_WARN_DOCUMENTATION_COMMENTS = YES;
				CLANG_WARN_EMPTY_BODY = YES;
				CLANG_WARN_ENUM_CONVERSION = YES;
				CLANG_WARN_INFINITE_RECURSION = YES;
				CLANG_WARN_INT_CONVERSION = YES;
				CLANG_WARN_NON_LITERAL_NULL_CONVERSION = YES;
				CLANG_WARN_OBJC_LITERAL_CONVERSION = YES;
				CLANG_WARN_OBJC_ROOT_CLASS = YES_ERROR;
				CLANG_WARN_RANGE_LOOP_ANALYSIS = YES;
				CLANG_WARN_STRICT_PROTOTYPES = YES;
				CLANG_WARN_SUSPICIOUS_MOVE = YES;
				CLANG_WARN_UNGUARDED_AVAILABILITY = YES_AGGRESSIVE;
				CLANG_WARN_UNREACHABLE_CODE = YES;
				CLANG_WARN__DUPLICATE_METHOD_MATCH = YES;
				CODE_SIGN_IDENTITY = "iPhone Developer";
				COPY_PHASE_STRIP = NO;
				DEBUG_INFORMATION_FORMAT = "dwarf-with-dsym";
				ENABLE_NS_ASSERTIONS = NO;
				ENABLE_STRICT_OBJC_MSGSEND = YES;
				GCC_C_LANGUAGE_STANDARD = gnu11;
				GCC_NO_COMMON_BLOCKS = YES;
				GCC_WARN_64_TO_32_BIT_CONVERSION = YES;
				GCC_WARN_ABOUT_RETURN_TYPE = YES_ERROR;
				GCC_WARN_UNDECLARED_SELECTOR = YES;
				GCC_WARN_UNINITIALIZED_AUTOS = YES_AGGRESSIVE;
				GCC_WARN_UNUSED_FUNCTION = YES;
				GCC_WARN_UNUSED_VARIABLE = YES;
				IPHONEOS_DEPLOYMENT_TARGET = 11.2;
				MTL_ENABLE_DEBUG_INFO = NO;
				SDKROOT = iphoneos;
				SWIFT_OPTIMIZATION_LEVEL = "-Owholemodule";
				VALIDATE_PRODUCT = YES;
			};
			name = Release;
		};
		45567E8C200DEF5E008F8CBE /* Debug */ = {
			isa = XCBuildConfiguration;
			buildSettings = {
				ASSETCATALOG_COMPILER_APPICON_NAME = AppIcon;
				CODE_SIGN_STYLE = Automatic;
				DEVELOPMENT_TEAM = 9STZT28MB5;
				INFOPLIST_FILE = CSVParser/Info.plist;
				LD_RUNPATH_SEARCH_PATHS = "$(inherited) @executable_path/Frameworks";
				PRODUCT_BUNDLE_IDENTIFIER = com.innofied.CSVParser;
				PRODUCT_NAME = "$(TARGET_NAME)";
				SWIFT_VERSION = 4.0;
				TARGETED_DEVICE_FAMILY = "1,2";
			};
			name = Debug;
		};
		45567E8D200DEF5E008F8CBE /* Release */ = {
			isa = XCBuildConfiguration;
			buildSettings = {
				ASSETCATALOG_COMPILER_APPICON_NAME = AppIcon;
				CODE_SIGN_STYLE = Automatic;
				DEVELOPMENT_TEAM = 9STZT28MB5;
				INFOPLIST_FILE = CSVParser/Info.plist;
				LD_RUNPATH_SEARCH_PATHS = "$(inherited) @executable_path/Frameworks";
				PRODUCT_BUNDLE_IDENTIFIER = com.innofied.CSVParser;
				PRODUCT_NAME = "$(TARGET_NAME)";
				SWIFT_VERSION = 4.0;
				TARGETED_DEVICE_FAMILY = "1,2";
			};
			name = Release;
		};
		45567E8F200DEF5E008F8CBE /* Debug */ = {
			isa = XCBuildConfiguration;
			buildSettings = {
				ALWAYS_EMBED_SWIFT_STANDARD_LIBRARIES = YES;
				BUNDLE_LOADER = "$(TEST_HOST)";
				CODE_SIGN_STYLE = Automatic;
				DEVELOPMENT_TEAM = 9STZT28MB5;
				INFOPLIST_FILE = CSVParserTests/Info.plist;
				LD_RUNPATH_SEARCH_PATHS = "$(inherited) @executable_path/Frameworks @loader_path/Frameworks";
				PRODUCT_BUNDLE_IDENTIFIER = com.innofied.CSVParserTests;
				PRODUCT_NAME = "$(TARGET_NAME)";
				SWIFT_VERSION = 4.0;
				TARGETED_DEVICE_FAMILY = "1,2";
				TEST_HOST = "$(BUILT_PRODUCTS_DIR)/CSVParser.app/CSVParser";
			};
			name = Debug;
		};
		45567E90200DEF5E008F8CBE /* Release */ = {
			isa = XCBuildConfiguration;
			buildSettings = {
				ALWAYS_EMBED_SWIFT_STANDARD_LIBRARIES = YES;
				BUNDLE_LOADER = "$(TEST_HOST)";
				CODE_SIGN_STYLE = Automatic;
				DEVELOPMENT_TEAM = 9STZT28MB5;
				INFOPLIST_FILE = CSVParserTests/Info.plist;
				LD_RUNPATH_SEARCH_PATHS = "$(inherited) @executable_path/Frameworks @loader_path/Frameworks";
				PRODUCT_BUNDLE_IDENTIFIER = com.innofied.CSVParserTests;
				PRODUCT_NAME = "$(TARGET_NAME)";
				SWIFT_VERSION = 4.0;
				TARGETED_DEVICE_FAMILY = "1,2";
				TEST_HOST = "$(BUILT_PRODUCTS_DIR)/CSVParser.app/CSVParser";
			};
			name = Release;
		};
/* End XCBuildConfiguration section */

/* Begin XCConfigurationList section */
		45567E69200DEF5E008F8CBE /* Build configuration list for PBXProject "CSVParser" */ = {
			isa = XCConfigurationList;
			buildConfigurations = (
				45567E89200DEF5E008F8CBE /* Debug */,
				45567E8A200DEF5E008F8CBE /* Release */,
			);
			defaultConfigurationIsVisible = 0;
			defaultConfigurationName = Release;
		};
		45567E8B200DEF5E008F8CBE /* Build configuration list for PBXNativeTarget "CSVParser" */ = {
			isa = XCConfigurationList;
			buildConfigurations = (
				45567E8C200DEF5E008F8CBE /* Debug */,
				45567E8D200DEF5E008F8CBE /* Release */,
			);
			defaultConfigurationIsVisible = 0;
			defaultConfigurationName = Release;
		};
		45567E8E200DEF5E008F8CBE /* Build configuration list for PBXNativeTarget "CSVParserTests" */ = {
			isa = XCConfigurationList;
			buildConfigurations = (
				45567E8F200DEF5E008F8CBE /* Debug */,
				45567E90200DEF5E008F8CBE /* Release */,
			);
			defaultConfigurationIsVisible = 0;
			defaultConfigurationName = Release;
		};
/* End XCConfigurationList section */
	};
	rootObject = 45567E66200DEF5E008F8CBE /* Project object */;
}
